
Microsoft Visual Studio Solution File, Format Version 12.00
# Visual Studio Version 17
VisualStudioVersion = 17.9.34902.65
MinimumVisualStudioVersion = 10.0.40219.1
Project("{FAE04EC0-301F-11D3-BF4B-00C04F79EFBC}") = "C#AcunMedyaAkademi", "C#AcunMedyaAkademi\C#AcunMedyaAkademi.csproj", "{F0AFA452-B494-48A9-864A-BD2A44639509}"
EndProject
Global
	GlobalSection(SolutionConfigurationPlatforms) = preSolution
		Debug|Any CPU = Debug|Any CPU
		Release|Any CPU = Release|Any CPU
	EndGlobalSection
	GlobalSection(ProjectConfigurationPlatforms) = postSolution
		{F0AFA452-B494-48A9-864A-BD2A44639509}.Debug|Any CPU.ActiveCfg = Debug|Any CPU
		{F0AFA452-B494-48A9-864A-BD2A44639509}.Debug|Any CPU.Build.0 = Debug|Any CPU
		{F0AFA452-B494-48A9-864A-BD2A44639509}.Release|Any CPU.ActiveCfg = Release|Any CPU
		{F0AFA452-B494-48A9-864A-BD2A44639509}.Release|Any CPU.Build.0 = Release|Any CPU
	EndGlobalSection
	GlobalSection(SolutionProperties) = preSolution
		HideSolutionNode = FALSE
	EndGlobalSection
	GlobalSection(ExtensibilityGlobals) = postSolution
		SolutionGuid = {D9EEB314-EE55-4392-B779-AFA2CDBB58BE}
	EndGlobalSection
EndGlobal
